lockfileVersion: 1
components:
  core:
    url: https://github.com/ArvidSU/dash-bored-components.git
    commit: b8a25b1450ca8ded9f173cc98a4d0341e9b7070e
    path: components/external/core
  test:
    url: https://github.com/ArvidSU/dash-bored.git
    commit: 17b3a811cd89be169ec4264ddca39f3a15b06211
    path: components/external/test
