lockfileVersion: 1
components:
  core:
    url: https://github.com/ArvidSU/dash-bored-components.git
    commit: 914bba83b802a13a1dcce76b9ab80a432a94bd32
    path: components/external/core
  test:
    url: https://github.com/ArvidSU/dash-bored.git
    commit: 17b3a811cd89be169ec4264ddca39f3a15b06211
    path: components/external/test
